{
  "name": "product-page-example",
  "version": "1.0.0",
  "lockfileVersion": 1,
  "requires": true,
  "dependencies": {
    "gaap-analytics": {
      "version": "3.1.0",
      "resolved": "https://registry.npmjs.org/gaap-analytics/-/gaap-analytics-3.1.0.tgz",
      "integrity": "sha512-9G7Hwy/D2bjFymOQIptNArrTDAgGjssAv+L6SvbAJinDOSzeX9zUc46PnDVA5WPHHUC5+er4y9+o/nYbubwPoA=="
    },
    "govuk-frontend": {
      "version": "3.2.0",
      "resolved": "https://registry.npmjs.org/govuk-frontend/-/govuk-frontend-3.2.0.tgz",
      "integrity": "sha512-OtJozAGMEKFu195fNVVrQHUX7+znCkA4cXDKs4lgFlRQOTzN1ogT9010GBARuoTwbeL0VqQ8nerZYjVxH/wafA=="
    }
  }
}
