{
  "name": "product-page-example",
  "version": "1.0.0",
  "lockfileVersion": 1,
  "requires": true,
  "dependencies": {
    "gaap-analytics": {
      "version": "3.0.0",
      "resolved": "https://registry.npmjs.org/gaap-analytics/-/gaap-analytics-3.0.0.tgz",
      "integrity": "sha1-kZJTXE+3Z4SCcqVZoBjfGr18wVA="
    },
    "govuk-frontend": {
      "version": "3.2.0",
      "resolved": "https://registry.npmjs.org/govuk-frontend/-/govuk-frontend-3.2.0.tgz",
      "integrity": "sha512-OtJozAGMEKFu195fNVVrQHUX7+znCkA4cXDKs4lgFlRQOTzN1ogT9010GBARuoTwbeL0VqQ8nerZYjVxH/wafA=="
    }
  }
}
